version: 1.0
shards:
  ameba:
    github: veelenga/ameba
    version: 0.10.0

  authentic:
    github: luckyframework/authentic
    commit: fcb82474b14ed2c6d4de3eca69cb02ce3e7a5d79

  avram:
    github: luckyframework/avram
    commit: 652d92eca30233642989c2296c34da17884bc1dd

  blank:
    github: kostya/blank
    version: 0.1.0

  cable:
    github: cable-cr/cable
    commit: 36103c088a7dc0791a329dd3b7c78b16f44be96a

  callback:
    github: mosop/callback
    version: 0.6.3

  carbon:
    github: luckyframework/carbon
    version: 0.1.0

  cli:
    github: mosop/cli
    version: 0.7.0

  cry:
    github: paulcsmith/cry
    version: 0.4.0

  db:
    github: crystal-lang/crystal-db
    version: 0.5.1

  dexter:
    github: luckyframework/dexter
    version: 0.1.1

  dotenv:
    github: gdotdesign/cr-dotenv
    version: 0.2.0

  exception_page:
    github: crystal-loot/exception_page
    version: 0.1.2

  habitat:
    github: luckyframework/habitat
    version: 0.4.3

  jwt:
    github: crystal-community/jwt
    version: 1.1.1

  lucky:
    github: luckyframework/lucky
    commit: e6bac4574b536118837c2410f790668cfb9917b6

  lucky_cli:
    github: luckyframework/lucky_cli
    version: 0.15.0

  lucky_router:
    github: luckyframework/lucky_router
    version: 0.2.2

  openssl_ext:
    github: stakach/openssl_ext
    version: 1.0.0

  optarg:
    github: mosop/optarg
    version: 0.5.8

  pg:
    github: will/crystal-pg
    version: 0.16.1

  pool:
    github: ysbaddaden/pool
    version: 0.2.3

  radix:
    github: luislavena/radix
    version: 0.3.9

  redis:
    github: stefanwille/crystal-redis
    version: 2.2.1

  schedule:
    github: hugoabonizio/schedule.cr
    version: 0.2.1

  shell-table:
    github: luckyframework/shell-table.cr
    commit: 078a04ea58ead5203bb435a3b5fff448ddabaeea

  string_inflection:
    github: mosop/string_inflection
    version: 0.2.1

  teeplate:
    github: mosop/teeplate
    version: 0.7.0

  wordsmith:
    github: luckyframework/wordsmith
    version: 0.2.0

